
Microsoft Visual Studio Solution File, Format Version 12.00
# Visual Studio Version 17
VisualStudioVersion = 17.9.34607.119
MinimumVisualStudioVersion = 10.0.40219.1
Project("{FAE04EC0-301F-11D3-BF4B-00C04F79EFBC}") = "ExcelToNewExcelsCreator", "ExcelToNewExcelsCreator\ExcelToNewExcelsCreator.csproj", "{F4669BB6-24A7-4C3C-BB2C-A860D5128639}"
EndProject
Global
	GlobalSection(SolutionConfigurationPlatforms) = preSolution
		Debug|Any CPU = Debug|Any CPU
		Release|Any CPU = Release|Any CPU
	EndGlobalSection
	GlobalSection(ProjectConfigurationPlatforms) = postSolution
		{F4669BB6-24A7-4C3C-BB2C-A860D5128639}.Debug|Any CPU.ActiveCfg = Debug|Any CPU
		{F4669BB6-24A7-4C3C-BB2C-A860D5128639}.Debug|Any CPU.Build.0 = Debug|Any CPU
		{F4669BB6-24A7-4C3C-BB2C-A860D5128639}.Release|Any CPU.ActiveCfg = Release|Any CPU
		{F4669BB6-24A7-4C3C-BB2C-A860D5128639}.Release|Any CPU.Build.0 = Release|Any CPU
	EndGlobalSection
	GlobalSection(SolutionProperties) = preSolution
		HideSolutionNode = FALSE
	EndGlobalSection
	GlobalSection(ExtensibilityGlobals) = postSolution
		SolutionGuid = {0F3551C2-69DE-416D-9BBB-CF98A2FA5401}
	EndGlobalSection
EndGlobal
